<Solution>
  <Project Path="Console_ASCII_art/Console_ASCII_art.csproj" Id="de668917-ca26-49e2-a0b6-bbf87cf4d4b1" />
  <Project Path="Console_Benchmark/Console_Benchmark.csproj" Id="3aa87256-8245-4ddd-a0ea-d3dd7a80d1c9" />
  <Project Path="Console_GameOfLife/Console_GameOfLife.csproj" Id="7e1354c6-2880-4854-bc32-465bf2786793" />
  <Project Path="Console_Parser/Console_Parser.csproj" Id="2a671215-d0e0-46a7-a270-5f8aff13c8f8" />
  <Project Path="Console_Producer/Console_Producer.csproj" Id="d0e8dc2b-0f76-4087-a91c-4c28b05e4b69" />
  <Project Path="Lessons/Lessons.csproj" Id="881d7b29-6980-4464-8aab-2d7296b9ee78" />
  <Project Path="MyLibrary/MyLibrary.csproj" Id="7f9cb975-93b4-4eb1-8bf9-9f6dcc8bf00f" />
  <Project Path="WEB_API_weather/WEB_API_weather.csproj" Id="6cae4e9e-dbda-47ec-8476-359355120c95" />
  <Project Path="WinForms_Consumer/WinForms_Consumer.csproj" Id="b2e1a7e5-1e07-458c-8338-f0bff7cdef8a" />
  <Project Path="WinForms_GameOfLife/WinForms_GameOfLife.csproj" Id="d5125d72-ef00-4276-95d4-f74e36df077e" />
  <Project Path="WinForms_Predictor/WinForms_Predictor.csproj" Id="f1ea0f7e-c8b9-45a4-9e9c-4abcdf9f05e8" />
  <Project Path="WinForms_Stars/WinForms_Stars.csproj" Id="5839a509-b44b-47ec-8b92-547966f0a65a" />
  <Project Path="Win_Forms_ImageProccesing/Win_Forms_ImageProccesing.csproj" Id="e6cd2aed-26fb-427c-8857-ce6793c1cdd5" />
  <Project Path="WPF_TodoApp/WPF_TodoApp.csproj" Id="065fc829-8093-45ac-b1dd-f11a9bb2bfb6" />
</Solution>
